
Microsoft Visual Studio Solution File, Format Version 12.00
# Visual Studio Version 16
VisualStudioVersion = 16.0.29709.97
MinimumVisualStudioVersion = 10.0.40219.1
Project("{9A19103F-16F7-4668-BE54-9A1E7A4F7556}") = "Singleton", "Singleton\Singleton.csproj", "{45DEBE9B-BBAD-40A0-938B-52E9027707C1}"
EndProject
Project("{9A19103F-16F7-4668-BE54-9A1E7A4F7556}") = "Factory", "Factory\Factory.csproj", "{6529D5BE-9868-4651-88FE-699DAC2B94E8}"
EndProject
Project("{9A19103F-16F7-4668-BE54-9A1E7A4F7556}") = "Builder", "Builder\Builder.csproj", "{918EADE7-E4CD-4872-9967-ECE882B0A856}"
EndProject
Project("{9A19103F-16F7-4668-BE54-9A1E7A4F7556}") = "Prototype", "Prototype\Prototype.csproj", "{EC28E324-E8D4-49E3-9F97-4F057F30A5A8}"
EndProject
Project("{9A19103F-16F7-4668-BE54-9A1E7A4F7556}") = "Adapter", "Adapter\Adapter.csproj", "{A84CFFB4-DCB7-4C35-AD95-E3600B779EC7}"
EndProject
Project("{FAE04EC0-301F-11D3-BF4B-00C04F79EFBC}") = "Facade", "Facade\Facade.csproj", "{6579131C-4D28-4E16-B4E7-D8C568EC0CD7}"
EndProject
Global
	GlobalSection(SolutionConfigurationPlatforms) = preSolution
		Debug|Any CPU = Debug|Any CPU
		Release|Any CPU = Release|Any CPU
	EndGlobalSection
	GlobalSection(ProjectConfigurationPlatforms) = postSolution
		{45DEBE9B-BBAD-40A0-938B-52E9027707C1}.Debug|Any CPU.ActiveCfg = Debug|Any CPU
		{45DEBE9B-BBAD-40A0-938B-52E9027707C1}.Debug|Any CPU.Build.0 = Debug|Any CPU
		{45DEBE9B-BBAD-40A0-938B-52E9027707C1}.Release|Any CPU.ActiveCfg = Release|Any CPU
		{45DEBE9B-BBAD-40A0-938B-52E9027707C1}.Release|Any CPU.Build.0 = Release|Any CPU
		{6529D5BE-9868-4651-88FE-699DAC2B94E8}.Debug|Any CPU.ActiveCfg = Debug|Any CPU
		{6529D5BE-9868-4651-88FE-699DAC2B94E8}.Debug|Any CPU.Build.0 = Debug|Any CPU
		{6529D5BE-9868-4651-88FE-699DAC2B94E8}.Release|Any CPU.ActiveCfg = Release|Any CPU
		{6529D5BE-9868-4651-88FE-699DAC2B94E8}.Release|Any CPU.Build.0 = Release|Any CPU
		{918EADE7-E4CD-4872-9967-ECE882B0A856}.Debug|Any CPU.ActiveCfg = Debug|Any CPU
		{918EADE7-E4CD-4872-9967-ECE882B0A856}.Debug|Any CPU.Build.0 = Debug|Any CPU
		{918EADE7-E4CD-4872-9967-ECE882B0A856}.Release|Any CPU.ActiveCfg = Release|Any CPU
		{918EADE7-E4CD-4872-9967-ECE882B0A856}.Release|Any CPU.Build.0 = Release|Any CPU
		{EC28E324-E8D4-49E3-9F97-4F057F30A5A8}.Debug|Any CPU.ActiveCfg = Debug|Any CPU
		{EC28E324-E8D4-49E3-9F97-4F057F30A5A8}.Debug|Any CPU.Build.0 = Debug|Any CPU
		{EC28E324-E8D4-49E3-9F97-4F057F30A5A8}.Release|Any CPU.ActiveCfg = Release|Any CPU
		{EC28E324-E8D4-49E3-9F97-4F057F30A5A8}.Release|Any CPU.Build.0 = Release|Any CPU
		{A84CFFB4-DCB7-4C35-AD95-E3600B779EC7}.Debug|Any CPU.ActiveCfg = Debug|Any CPU
		{A84CFFB4-DCB7-4C35-AD95-E3600B779EC7}.Debug|Any CPU.Build.0 = Debug|Any CPU
		{A84CFFB4-DCB7-4C35-AD95-E3600B779EC7}.Release|Any CPU.ActiveCfg = Release|Any CPU
		{A84CFFB4-DCB7-4C35-AD95-E3600B779EC7}.Release|Any CPU.Build.0 = Release|Any CPU
		{6579131C-4D28-4E16-B4E7-D8C568EC0CD7}.Debug|Any CPU.ActiveCfg = Debug|Any CPU
		{6579131C-4D28-4E16-B4E7-D8C568EC0CD7}.Debug|Any CPU.Build.0 = Debug|Any CPU
		{6579131C-4D28-4E16-B4E7-D8C568EC0CD7}.Release|Any CPU.ActiveCfg = Release|Any CPU
		{6579131C-4D28-4E16-B4E7-D8C568EC0CD7}.Release|Any CPU.Build.0 = Release|Any CPU
	EndGlobalSection
	GlobalSection(SolutionProperties) = preSolution
		HideSolutionNode = FALSE
	EndGlobalSection
	GlobalSection(ExtensibilityGlobals) = postSolution
		SolutionGuid = {57FCC79A-DA06-4C65-BE7B-3A4C59232841}
	EndGlobalSection
EndGlobal
